<?xml version="1.0" encoding="utf-8"?>
<Project ToolsVersion="4.0" xmlns="http://schemas.microsoft.com/developer/msbuild/2003">
  <ItemGroup>
    <ClCompile Include="SListTest.cpp" />
    <ClCompile Include="Pch.cpp" />
    <ClCompile Include="Foo.cpp">
      <Filter>SupportingClasses</Filter>
    </ClCompile>
    <ClCompile Include="SlistIteratorTest.cpp" />
    <ClCompile Include="VectorTest.cpp" />
    <ClCompile Include="TestClassHelper.cpp">
      <Filter>SupportingClasses</Filter>
    </ClCompile>
    <ClCompile Include="VectorIteratorTest.cpp" />
    <ClCompile Include="HashFunctorsTest.cpp" />
    <ClCompile Include="HashMapTest.cpp" />
    <ClCompile Include="DatumTest.cpp" />
    <ClCompile Include="ScopeTest.cpp" />
    <ClCompile Include="AttributedFoo.cpp">
      <Filter>SupportingClasses</Filter>
    </ClCompile>
    <ClCompile Include="AttributedBar.cpp">
      <Filter>SupportingClasses</Filter>
    </ClCompile>
    <ClCompile Include="AttributedTest.cpp" />
    <ClCompile Include="TestSharedData.cpp">
      <Filter>SupportingClasses</Filter>
    </ClCompile>
    <ClCompile Include="TestXmlParserHelper.cpp">
      <Filter>SupportingClasses</Filter>
    </ClCompile>
    <ClCompile Include="XmlParserTest.cpp" />
  </ItemGroup>
  <ItemGroup>
    <ClInclude Include="Pch.h" />
    <ClInclude Include="Foo.h">
      <Filter>SupportingClasses</Filter>
    </ClInclude>
    <ClInclude Include="ToStringTemplates.h">
      <Filter>SupportingClasses</Filter>
    </ClInclude>
    <ClInclude Include="VectorTestTemplate.h" />
    <ClInclude Include="SListIteratorTestTemplate.h" />
    <ClInclude Include="SListTestTemplate.h" />
    <ClInclude Include="TestClassHelper.h">
      <Filter>SupportingClasses</Filter>
    </ClInclude>
    <ClInclude Include="VectorIteratorTestTemplate.h" />
    <ClInclude Include="HashMapTestTemplate.h" />
    <ClInclude Include="DatumTestTemplate.h" />
    <ClInclude Include="AttributedFoo.h">
      <Filter>SupportingClasses</Filter>
    </ClInclude>
    <ClInclude Include="AttributedBar.h">
      <Filter>SupportingClasses</Filter>
    </ClInclude>
    <ClInclude Include="TestSharedData.h">
      <Filter>SupportingClasses</Filter>
    </ClInclude>
    <ClInclude Include="TestXmlParseHelper.h">
      <Filter>SupportingClasses</Filter>
    </ClInclude>
  </ItemGroup>
  <ItemGroup>
    <Filter Include="SupportingClasses">
      <UniqueIdentifier>{51d25af1-bd2d-4272-a2df-0d5959eacd13}</UniqueIdentifier>
    </Filter>
    <Filter Include="TestData">
      <UniqueIdentifier>{ad64508e-2085-4ae7-b8fa-a57f5d18e3ec}</UniqueIdentifier>
    </Filter>
  </ItemGroup>
  <ItemGroup>
    <Xml Include="TestData\attributed.xml">
      <Filter>TestData</Filter>
    </Xml>
    <Xml Include="TestData\verbose.xml">
      <Filter>TestData</Filter>
    </Xml>
  </ItemGroup>
</Project>