<?xml version="1.0" encoding="utf-8"?>
<Project ToolsVersion="4.0" xmlns="http://schemas.microsoft.com/developer/msbuild/2003">
  <ItemGroup>
    <ClCompile Include="Pch.cpp" />
    <ClCompile Include="Foo.cpp">
      <Filter>SupportingClasses</Filter>
    </ClCompile>
    <ClCompile Include="TestClassHelper.cpp">
      <Filter>SupportingClasses</Filter>
    </ClCompile>
    <ClCompile Include="AttributedFoo.cpp">
      <Filter>SupportingClasses</Filter>
    </ClCompile>
    <ClCompile Include="AttributedBar.cpp">
      <Filter>SupportingClasses</Filter>
    </ClCompile>
    <ClCompile Include="FooSharedData.cpp">
      <Filter>SupportingClasses</Filter>
    </ClCompile>
    <ClCompile Include="FooXmlParserHelper.cpp">
      <Filter>SupportingClasses</Filter>
    </ClCompile>
    <ClCompile Include="Bar.cpp">
      <Filter>SupportingClasses</Filter>
    </ClCompile>
    <ClCompile Include="DerivedBar.cpp">
      <Filter>SupportingClasses</Filter>
    </ClCompile>
    <ClCompile Include="AttributedTest.cpp">
      <Filter>ContainerTests</Filter>
    </ClCompile>
    <ClCompile Include="DatumTest.cpp">
      <Filter>ContainerTests</Filter>
    </ClCompile>
    <ClCompile Include="HashFunctorsTest.cpp">
      <Filter>ContainerTests</Filter>
    </ClCompile>
    <ClCompile Include="HashMapTest.cpp">
      <Filter>ContainerTests</Filter>
    </ClCompile>
    <ClCompile Include="ScopeTest.cpp">
      <Filter>ContainerTests</Filter>
    </ClCompile>
    <ClCompile Include="SlistIteratorTest.cpp">
      <Filter>ContainerTests</Filter>
    </ClCompile>
    <ClCompile Include="SListTest.cpp">
      <Filter>ContainerTests</Filter>
    </ClCompile>
    <ClCompile Include="VectorIteratorTest.cpp">
      <Filter>ContainerTests</Filter>
    </ClCompile>
    <ClCompile Include="VectorTest.cpp">
      <Filter>ContainerTests</Filter>
    </ClCompile>
    <ClCompile Include="FactoryTest.cpp">
      <Filter>OtherTests</Filter>
    </ClCompile>
    <ClCompile Include="ScopeXmlParserTest.cpp">
      <Filter>OtherTests</Filter>
    </ClCompile>
    <ClCompile Include="XmlParserTest.cpp">
      <Filter>OtherTests</Filter>
    </ClCompile>
    <ClCompile Include="WorldTest.cpp">
      <Filter>ContainerTests</Filter>
    </ClCompile>
    <ClCompile Include="WorldXmlParserTest.cpp">
      <Filter>OtherTests</Filter>
    </ClCompile>
    <ClCompile Include="InfixParserTest.cpp">
      <Filter>OtherTests</Filter>
    </ClCompile>
    <ClCompile Include="EventTest.cpp">
      <Filter>OtherTests</Filter>
    </ClCompile>
    <ClCompile Include="FooSubscriber.cpp">
      <Filter>SupportingClasses</Filter>
    </ClCompile>
    <ClCompile Include="BarSubscriber.cpp">
      <Filter>SupportingClasses</Filter>
    </ClCompile>
  </ItemGroup>
  <ItemGroup>
    <ClInclude Include="Pch.h" />
    <ClInclude Include="Foo.h">
      <Filter>SupportingClasses</Filter>
    </ClInclude>
    <ClInclude Include="ToStringTemplates.h">
      <Filter>SupportingClasses</Filter>
    </ClInclude>
    <ClInclude Include="TestClassHelper.h">
      <Filter>SupportingClasses</Filter>
    </ClInclude>
    <ClInclude Include="AttributedFoo.h">
      <Filter>SupportingClasses</Filter>
    </ClInclude>
    <ClInclude Include="AttributedBar.h">
      <Filter>SupportingClasses</Filter>
    </ClInclude>
    <ClInclude Include="FooSharedData.h">
      <Filter>SupportingClasses</Filter>
    </ClInclude>
    <ClInclude Include="FooXmlParseHelper.h">
      <Filter>SupportingClasses</Filter>
    </ClInclude>
    <ClInclude Include="Bar.h">
      <Filter>SupportingClasses</Filter>
    </ClInclude>
    <ClInclude Include="DerivedBar.h">
      <Filter>SupportingClasses</Filter>
    </ClInclude>
    <ClInclude Include="DatumTestTemplate.h">
      <Filter>ContainerTests</Filter>
    </ClInclude>
    <ClInclude Include="HashMapTestTemplate.h">
      <Filter>ContainerTests</Filter>
    </ClInclude>
    <ClInclude Include="SListIteratorTestTemplate.h">
      <Filter>ContainerTests</Filter>
    </ClInclude>
    <ClInclude Include="SListTestTemplate.h">
      <Filter>ContainerTests</Filter>
    </ClInclude>
    <ClInclude Include="VectorIteratorTestTemplate.h">
      <Filter>ContainerTests</Filter>
    </ClInclude>
    <ClInclude Include="VectorTestTemplate.h">
      <Filter>ContainerTests</Filter>
    </ClInclude>
    <ClInclude Include="FooSubscriber.h">
      <Filter>SupportingClasses</Filter>
    </ClInclude>
    <ClInclude Include="BarSubscriber.h">
      <Filter>SupportingClasses</Filter>
    </ClInclude>
  </ItemGroup>
  <ItemGroup>
    <Filter Include="SupportingClasses">
      <UniqueIdentifier>{51d25af1-bd2d-4272-a2df-0d5959eacd13}</UniqueIdentifier>
    </Filter>
    <Filter Include="TestData">
      <UniqueIdentifier>{ad64508e-2085-4ae7-b8fa-a57f5d18e3ec}</UniqueIdentifier>
    </Filter>
    <Filter Include="ContainerTests">
      <UniqueIdentifier>{ec6366d8-a2d1-4f2f-90b8-19a4384fc3c0}</UniqueIdentifier>
    </Filter>
    <Filter Include="OtherTests">
      <UniqueIdentifier>{1d779b78-a915-437e-8a1b-d3e780b68132}</UniqueIdentifier>
    </Filter>
  </ItemGroup>
  <ItemGroup>
    <Xml Include="TestData\attributed.xml">
      <Filter>TestData</Filter>
    </Xml>
    <Xml Include="TestData\verbose.xml">
      <Filter>TestData</Filter>
    </Xml>
    <Xml Include="TestData\scope.xml">
      <Filter>TestData</Filter>
    </Xml>
    <Xml Include="TestData\world.xml">
      <Filter>TestData</Filter>
    </Xml>
    <Xml Include="TestData\entities.xml">
      <Filter>TestData</Filter>
    </Xml>
  </ItemGroup>
</Project>