<?xml version="1.0" encoding="utf-8"?>
<Project ToolsVersion="4.0" xmlns="http://schemas.microsoft.com/developer/msbuild/2003">
  <ItemGroup>
    <ClCompile Include="SListTest.cpp" />
    <ClCompile Include="Pch.cpp" />
    <ClCompile Include="Foo.cpp">
      <Filter>SupportingClasses</Filter>
    </ClCompile>
    <ClCompile Include="SlistIteratorTest.cpp" />
    <ClCompile Include="VectorTest.cpp" />
  </ItemGroup>
  <ItemGroup>
    <ClInclude Include="Pch.h" />
    <ClInclude Include="Foo.h">
      <Filter>SupportingClasses</Filter>
    </ClInclude>
    <ClInclude Include="ToStringTemplates.h">
      <Filter>SupportingClasses</Filter>
    </ClInclude>
  </ItemGroup>
  <ItemGroup>
    <Filter Include="SupportingClasses">
      <UniqueIdentifier>{51d25af1-bd2d-4272-a2df-0d5959eacd13}</UniqueIdentifier>
    </Filter>
  </ItemGroup>
</Project>